
Microsoft Visual Studio Solution File, Format Version 12.00
# Blend for Visual Studio Version 16
VisualStudioVersion = 16.0.31515.178
MinimumVisualStudioVersion = 10.0.40219.1
Project("{8BC9CEB8-8B4A-11D0-8D11-00A0C91BC942}") = "App1", "App1\App1.vcxproj", "{8D066FE0-D6DD-4E1C-B86E-1ED49D1DB280}"
EndProject
Project("{F184B08F-C81C-45F6-A57F-5ABD9991F28F}") = "RuntimeComponent1", "RuntimeComponent1\RuntimeComponent1.vbproj", "{C770C2CF-28BC-4955-B1C1-D22977F63E5A}"
EndProject
Global
	GlobalSection(SolutionConfigurationPlatforms) = preSolution
		Debug|Any CPU = Debug|Any CPU
		Debug|ARM = Debug|ARM
		Debug|ARM64 = Debug|ARM64
		Debug|x64 = Debug|x64
		Debug|x86 = Debug|x86
		Release|Any CPU = Release|Any CPU
		Release|ARM = Release|ARM
		Release|ARM64 = Release|ARM64
		Release|x64 = Release|x64
		Release|x86 = Release|x86
	EndGlobalSection
	GlobalSection(ProjectConfigurationPlatforms) = postSolution
		{8D066FE0-D6DD-4E1C-B86E-1ED49D1DB280}.Debug|Any CPU.ActiveCfg = Debug|Win32
		{8D066FE0-D6DD-4E1C-B86E-1ED49D1DB280}.Debug|ARM.ActiveCfg = Debug|ARM
		{8D066FE0-D6DD-4E1C-B86E-1ED49D1DB280}.Debug|ARM.Build.0 = Debug|ARM
		{8D066FE0-D6DD-4E1C-B86E-1ED49D1DB280}.Debug|ARM.Deploy.0 = Debug|ARM
		{8D066FE0-D6DD-4E1C-B86E-1ED49D1DB280}.Debug|ARM64.ActiveCfg = Debug|ARM64
		{8D066FE0-D6DD-4E1C-B86E-1ED49D1DB280}.Debug|ARM64.Build.0 = Debug|ARM64
		{8D066FE0-D6DD-4E1C-B86E-1ED49D1DB280}.Debug|ARM64.Deploy.0 = Debug|ARM64
		{8D066FE0-D6DD-4E1C-B86E-1ED49D1DB280}.Debug|x64.ActiveCfg = Debug|x64
		{8D066FE0-D6DD-4E1C-B86E-1ED49D1DB280}.Debug|x64.Build.0 = Debug|x64
		{8D066FE0-D6DD-4E1C-B86E-1ED49D1DB280}.Debug|x64.Deploy.0 = Debug|x64
		{8D066FE0-D6DD-4E1C-B86E-1ED49D1DB280}.Debug|x86.ActiveCfg = Debug|Win32
		{8D066FE0-D6DD-4E1C-B86E-1ED49D1DB280}.Debug|x86.Build.0 = Debug|Win32
		{8D066FE0-D6DD-4E1C-B86E-1ED49D1DB280}.Debug|x86.Deploy.0 = Debug|Win32
		{8D066FE0-D6DD-4E1C-B86E-1ED49D1DB280}.Release|Any CPU.ActiveCfg = Release|Win32
		{8D066FE0-D6DD-4E1C-B86E-1ED49D1DB280}.Release|ARM.ActiveCfg = Release|ARM
		{8D066FE0-D6DD-4E1C-B86E-1ED49D1DB280}.Release|ARM.Build.0 = Release|ARM
		{8D066FE0-D6DD-4E1C-B86E-1ED49D1DB280}.Release|ARM.Deploy.0 = Release|ARM
		{8D066FE0-D6DD-4E1C-B86E-1ED49D1DB280}.Release|ARM64.ActiveCfg = Release|ARM64
		{8D066FE0-D6DD-4E1C-B86E-1ED49D1DB280}.Release|ARM64.Build.0 = Release|ARM64
		{8D066FE0-D6DD-4E1C-B86E-1ED49D1DB280}.Release|ARM64.Deploy.0 = Release|ARM64
		{8D066FE0-D6DD-4E1C-B86E-1ED49D1DB280}.Release|x64.ActiveCfg = Release|x64
		{8D066FE0-D6DD-4E1C-B86E-1ED49D1DB280}.Release|x64.Build.0 = Release|x64
		{8D066FE0-D6DD-4E1C-B86E-1ED49D1DB280}.Release|x64.Deploy.0 = Release|x64
		{8D066FE0-D6DD-4E1C-B86E-1ED49D1DB280}.Release|x86.ActiveCfg = Release|Win32
		{8D066FE0-D6DD-4E1C-B86E-1ED49D1DB280}.Release|x86.Build.0 = Release|Win32
		{8D066FE0-D6DD-4E1C-B86E-1ED49D1DB280}.Release|x86.Deploy.0 = Release|Win32
		{C770C2CF-28BC-4955-B1C1-D22977F63E5A}.Debug|Any CPU.ActiveCfg = Debug|Any CPU
		{C770C2CF-28BC-4955-B1C1-D22977F63E5A}.Debug|Any CPU.Build.0 = Debug|Any CPU
		{C770C2CF-28BC-4955-B1C1-D22977F63E5A}.Debug|ARM.ActiveCfg = Debug|ARM
		{C770C2CF-28BC-4955-B1C1-D22977F63E5A}.Debug|ARM.Build.0 = Debug|ARM
		{C770C2CF-28BC-4955-B1C1-D22977F63E5A}.Debug|ARM64.ActiveCfg = Debug|ARM64
		{C770C2CF-28BC-4955-B1C1-D22977F63E5A}.Debug|ARM64.Build.0 = Debug|ARM64
		{C770C2CF-28BC-4955-B1C1-D22977F63E5A}.Debug|x64.ActiveCfg = Debug|x64
		{C770C2CF-28BC-4955-B1C1-D22977F63E5A}.Debug|x64.Build.0 = Debug|x64
		{C770C2CF-28BC-4955-B1C1-D22977F63E5A}.Debug|x86.ActiveCfg = Debug|x86
		{C770C2CF-28BC-4955-B1C1-D22977F63E5A}.Debug|x86.Build.0 = Debug|x86
		{C770C2CF-28BC-4955-B1C1-D22977F63E5A}.Release|Any CPU.ActiveCfg = Release|Any CPU
		{C770C2CF-28BC-4955-B1C1-D22977F63E5A}.Release|Any CPU.Build.0 = Release|Any CPU
		{C770C2CF-28BC-4955-B1C1-D22977F63E5A}.Release|ARM.ActiveCfg = Release|ARM
		{C770C2CF-28BC-4955-B1C1-D22977F63E5A}.Release|ARM.Build.0 = Release|ARM
		{C770C2CF-28BC-4955-B1C1-D22977F63E5A}.Release|ARM64.ActiveCfg = Release|ARM64
		{C770C2CF-28BC-4955-B1C1-D22977F63E5A}.Release|ARM64.Build.0 = Release|ARM64
		{C770C2CF-28BC-4955-B1C1-D22977F63E5A}.Release|x64.ActiveCfg = Release|x64
		{C770C2CF-28BC-4955-B1C1-D22977F63E5A}.Release|x64.Build.0 = Release|x64
		{C770C2CF-28BC-4955-B1C1-D22977F63E5A}.Release|x86.ActiveCfg = Release|x86
		{C770C2CF-28BC-4955-B1C1-D22977F63E5A}.Release|x86.Build.0 = Release|x86
	EndGlobalSection
	GlobalSection(SolutionProperties) = preSolution
		HideSolutionNode = FALSE
	EndGlobalSection
	GlobalSection(ExtensibilityGlobals) = postSolution
		SolutionGuid = {F29100AE-E24A-409A-B2D9-0F56D6043134}
	EndGlobalSection
EndGlobal
